# THIS IS AN AUTOGENERATED FILE. DO NOT EDIT THIS FILE DIRECTLY.
# yarn lockfile v1


"accepts@~1.3.3":
  "integrity" "sha1-UxvHJlF6OytB+FACHGzBXqq1B80="
  "resolved" "https://registry.npm.taobao.org/accepts/download/accepts-1.3.7.tgz"
  "version" "1.3.7"
  dependencies:
    "mime-types" "~2.1.24"
    "negotiator" "0.6.2"

"array-flatten@1.1.1":
  "integrity" "sha1-ml9pkFGx5wczKPKgCJaLZOopVdI="
  "resolved" "http://registry.npm.taobao.org/array-flatten/download/array-flatten-1.1.1.tgz"
  "version" "1.1.1"

"basic-auth@~2.0.0":
  "integrity" "sha1-uZgnm/R844NEtPPPkW1Gebv1Hjo="
  "resolved" "https://registry.npm.taobao.org/basic-auth/download/basic-auth-2.0.1.tgz?cache=0&other_urls=https%3A%2F%2Fregistry.npm.taobao.org%2Fbasic-auth%2Fdownload%2Fbasic-auth-2.0.1.tgz"
  "version" "2.0.1"
  dependencies:
    "safe-buffer" "5.1.2"

"bluebird@3.5.1":
  "integrity" "sha1-2VUfnemPH82h5oPRfukaBgLuLrk="
  "resolved" "https://registry.npm.taobao.org/bluebird/download/bluebird-3.5.1.tgz?cache=0&sync_timestamp=1569957137990&other_urls=https%3A%2F%2Fregistry.npm.taobao.org%2Fbluebird%2Fdownload%2Fbluebird-3.5.1.tgz"
  "version" "3.5.1"

"body-parser@~1.18.2":
  "integrity" "sha1-WykhmP/dVTs6DyDe0FkrlWlVyLQ="
  "resolved" "https://registry.npm.taobao.org/body-parser/download/body-parser-1.18.3.tgz"
  "version" "1.18.3"
  dependencies:
    "bytes" "3.0.0"
    "content-type" "~1.0.4"
    "debug" "2.6.9"
    "depd" "~1.1.2"
    "http-errors" "~1.6.3"
    "iconv-lite" "0.4.23"
    "on-finished" "~2.3.0"
    "qs" "6.5.2"
    "raw-body" "2.3.3"
    "type-is" "~1.6.16"

"bson@^1.1.1", "bson@~1.1.1":
  "integrity" "sha1-QzD16ZEExOdR5zUYWeLUCCefLxM="
  "resolved" "https://registry.npm.taobao.org/bson/download/bson-1.1.1.tgz"
  "version" "1.1.1"

"bytes@3.0.0":
  "integrity" "sha1-0ygVQE1olpn4Wk6k+odV3ROpYEg="
  "resolved" "http://registry.npm.taobao.org/bytes/download/bytes-3.0.0.tgz"
  "version" "3.0.0"

"content-disposition@0.5.2":
  "integrity" "sha1-DPaLud318r55YcOoUXjLhdunjLQ="
  "resolved" "http://registry.npm.taobao.org/content-disposition/download/content-disposition-0.5.2.tgz"
  "version" "0.5.2"

"content-type@~1.0.2", "content-type@~1.0.4":
  "integrity" "sha1-4TjMdeBAxyexlm/l5fjJruJW/js="
  "resolved" "http://registry.npm.taobao.org/content-type/download/content-type-1.0.4.tgz"
  "version" "1.0.4"

"cookie-parser@~1.4.3":
  "integrity" "sha1-5jY95OqYw975aXuTQhwJ8wz10Yg="
  "resolved" "https://registry.npm.taobao.org/cookie-parser/download/cookie-parser-1.4.4.tgz"
  "version" "1.4.4"
  dependencies:
    "cookie" "0.3.1"
    "cookie-signature" "1.0.6"

"cookie-signature@1.0.6":
  "integrity" "sha1-4wOogrNCzD7oylE6eZmXNNqzriw="
  "resolved" "http://registry.npm.taobao.org/cookie-signature/download/cookie-signature-1.0.6.tgz"
  "version" "1.0.6"

"cookie@0.3.1":
  "integrity" "sha1-5+Ch+e9DtMi6klxcWpboBtFoc7s="
  "resolved" "https://registry.npm.taobao.org/cookie/download/cookie-0.3.1.tgz"
  "version" "0.3.1"

"debug@~2.6.9", "debug@2.6.9":
  "integrity" "sha1-XRKFFd8TT/Mn6QpMk/Tgd6U2NB8="
  "resolved" "http://registry.npm.taobao.org/debug/download/debug-2.6.9.tgz"
  "version" "2.6.9"
  dependencies:
    "ms" "2.0.0"

"debug@3.1.0":
  "integrity" "sha1-W7WgZyYotkFJVmuhaBnmFRjGcmE="
  "resolved" "http://registry.npm.taobao.org/debug/download/debug-3.1.0.tgz"
  "version" "3.1.0"
  dependencies:
    "ms" "2.0.0"

"depd@~1.1.1", "depd@~1.1.2":
  "integrity" "sha1-m81S4UwJd2PnSbJ0xDRu0uVgtak="
  "resolved" "http://registry.npm.taobao.org/depd/download/depd-1.1.2.tgz"
  "version" "1.1.2"

"destroy@~1.0.4":
  "integrity" "sha1-l4hXRCxEdJ5CBmE+N5RiBYJqvYA="
  "resolved" "http://registry.npm.taobao.org/destroy/download/destroy-1.0.4.tgz"
  "version" "1.0.4"

"ee-first@1.1.1":
  "integrity" "sha1-WQxhFWsK4vTwJVcyoViyZrxWsh0="
  "resolved" "http://registry.npm.taobao.org/ee-first/download/ee-first-1.1.1.tgz"
  "version" "1.1.1"

"ejs@~2.5.7":
  "integrity" "sha1-e6JUWCpWDSZ0NxCaaDVBEkdbDOU="
  "resolved" "https://registry.npm.taobao.org/ejs/download/ejs-2.5.9.tgz"
  "version" "2.5.9"

"encodeurl@~1.0.1":
  "integrity" "sha1-rT/0yG7C0CkyL1oCw6mmBslbP1k="
  "resolved" "http://registry.npm.taobao.org/encodeurl/download/encodeurl-1.0.2.tgz"
  "version" "1.0.2"

"escape-html@~1.0.3":
  "integrity" "sha1-Aljq5NPQwJdN4cFpGI7wBR0dGYg="
  "resolved" "http://registry.npm.taobao.org/escape-html/download/escape-html-1.0.3.tgz"
  "version" "1.0.3"

"etag@~1.8.0", "etag@~1.8.1":
  "integrity" "sha1-Qa4u62XvpiJorr/qg6x9eSmbCIc="
  "resolved" "http://registry.npm.taobao.org/etag/download/etag-1.8.1.tgz"
  "version" "1.8.1"

"express@~4.15.5":
  "integrity" "sha1-ZwI1ypWYiQpa6BcLg9tyK4Qu2Sc="
  "resolved" "https://registry.npm.taobao.org/express/download/express-4.15.5.tgz?cache=0&other_urls=https%3A%2F%2Fregistry.npm.taobao.org%2Fexpress%2Fdownload%2Fexpress-4.15.5.tgz"
  "version" "4.15.5"
  dependencies:
    "accepts" "~1.3.3"
    "array-flatten" "1.1.1"
    "content-disposition" "0.5.2"
    "content-type" "~1.0.2"
    "cookie" "0.3.1"
    "cookie-signature" "1.0.6"
    "debug" "2.6.9"
    "depd" "~1.1.1"
    "encodeurl" "~1.0.1"
    "escape-html" "~1.0.3"
    "etag" "~1.8.0"
    "finalhandler" "~1.0.6"
    "fresh" "0.5.2"
    "merge-descriptors" "1.0.1"
    "methods" "~1.1.2"
    "on-finished" "~2.3.0"
    "parseurl" "~1.3.1"
    "path-to-regexp" "0.1.7"
    "proxy-addr" "~1.1.5"
    "qs" "6.5.0"
    "range-parser" "~1.2.0"
    "send" "0.15.6"
    "serve-static" "1.12.6"
    "setprototypeof" "1.0.3"
    "statuses" "~1.3.1"
    "type-is" "~1.6.15"
    "utils-merge" "1.0.0"
    "vary" "~1.1.1"

"finalhandler@~1.0.6":
  "integrity" "sha1-AHrqM9Gk0+QgF/YkhIrVjSEvgU8="
  "resolved" "https://registry.npm.taobao.org/finalhandler/download/finalhandler-1.0.6.tgz"
  "version" "1.0.6"
  dependencies:
    "debug" "2.6.9"
    "encodeurl" "~1.0.1"
    "escape-html" "~1.0.3"
    "on-finished" "~2.3.0"
    "parseurl" "~1.3.2"
    "statuses" "~1.3.1"
    "unpipe" "~1.0.0"

"forwarded@~0.1.0":
  "integrity" "sha1-mMI9qxF1ZXuMBXPozszZGw/xjIQ="
  "resolved" "http://registry.npm.taobao.org/forwarded/download/forwarded-0.1.2.tgz"
  "version" "0.1.2"

"fresh@0.5.2":
  "integrity" "sha1-PYyt2Q2XZWn6g1qx+OSyOhBWBac="
  "resolved" "http://registry.npm.taobao.org/fresh/download/fresh-0.5.2.tgz"
  "version" "0.5.2"

"http-errors@~1.6.2", "http-errors@~1.6.3", "http-errors@1.6.3":
  "integrity" "sha1-i1VoC7S+KDoLW/TqLjhYC+HZMg0="
  "resolved" "https://registry.npm.taobao.org/http-errors/download/http-errors-1.6.3.tgz"
  "version" "1.6.3"
  dependencies:
    "depd" "~1.1.2"
    "inherits" "2.0.3"
    "setprototypeof" "1.1.0"
    "statuses" ">= 1.4.0 < 2"

"iconv-lite@0.4.23":
  "integrity" "sha1-KXhx9jvlB63Pv8pxXQzQ7thOmmM="
  "resolved" "https://registry.npm.taobao.org/iconv-lite/download/iconv-lite-0.4.23.tgz?cache=0&sync_timestamp=1561588160612&other_urls=https%3A%2F%2Fregistry.npm.taobao.org%2Ficonv-lite%2Fdownload%2Ficonv-lite-0.4.23.tgz"
  "version" "0.4.23"
  dependencies:
    "safer-buffer" ">= 2.1.2 < 3"

"inherits@2.0.3":
  "integrity" "sha1-Yzwsg+PaQqUC9SRmAiSA9CCCYd4="
  "resolved" "https://registry.npm.taobao.org/inherits/download/inherits-2.0.3.tgz?cache=0&sync_timestamp=1560975547815&other_urls=https%3A%2F%2Fregistry.npm.taobao.org%2Finherits%2Fdownload%2Finherits-2.0.3.tgz"
  "version" "2.0.3"

"ipaddr.js@1.4.0":
  "integrity" "sha1-KWrKh4qCGBbluF0KKFqZvP9FgvA="
  "resolved" "https://registry.npm.taobao.org/ipaddr.js/download/ipaddr.js-1.4.0.tgz"
  "version" "1.4.0"

"kareem@2.3.1":
  "integrity" "sha1-3vEtnJQQF/q/sA+HOvlenJnhvoc="
  "resolved" "https://registry.npm.taobao.org/kareem/download/kareem-2.3.1.tgz"
  "version" "2.3.1"

"media-typer@0.3.0":
  "integrity" "sha1-hxDXrwqmJvj/+hzgAWhUUmMlV0g="
  "resolved" "https://registry.npm.taobao.org/media-typer/download/media-typer-0.3.0.tgz"
  "version" "0.3.0"

"merge-descriptors@1.0.1":
  "integrity" "sha1-sAqqVW3YtEVoFQ7J0blT8/kMu2E="
  "resolved" "http://registry.npm.taobao.org/merge-descriptors/download/merge-descriptors-1.0.1.tgz"
  "version" "1.0.1"

"methods@~1.1.2":
  "integrity" "sha1-VSmk1nZUE07cxSZmVoNbD4Ua/O4="
  "resolved" "http://registry.npm.taobao.org/methods/download/methods-1.1.2.tgz"
  "version" "1.1.2"

"mime-db@1.40.0":
  "integrity" "sha1-plBX6ZjbCQ9zKmj2wnbTh9QSbDI="
  "resolved" "https://registry.npm.taobao.org/mime-db/download/mime-db-1.40.0.tgz"
  "version" "1.40.0"

"mime-types@~2.1.24":
  "integrity" "sha1-tvjQs+lR77d97eyhlM/20W9nb4E="
  "resolved" "https://registry.npm.taobao.org/mime-types/download/mime-types-2.1.24.tgz"
  "version" "2.1.24"
  dependencies:
    "mime-db" "1.40.0"

"mime@1.3.4":
  "integrity" "sha1-EV+eO2s9rylZmDyzjxSaLUDrXVM="
  "resolved" "https://registry.npm.taobao.org/mime/download/mime-1.3.4.tgz"
  "version" "1.3.4"

"mongodb@3.3.2":
  "integrity" "sha1-/whrX1Us8H4kzgmGlCEPPULWaLI="
  "resolved" "https://registry.npm.taobao.org/mongodb/download/mongodb-3.3.2.tgz"
  "version" "3.3.2"
  dependencies:
    "bson" "^1.1.1"
    "require_optional" "^1.0.1"
    "safe-buffer" "^5.1.2"

"mongoose-legacy-pluralize@1.0.2":
  "integrity" "sha1-O6n5H6UHtRhtOZ+0CFS/8Y+1Y+Q="
  "resolved" "http://registry.npm.taobao.org/mongoose-legacy-pluralize/download/mongoose-legacy-pluralize-1.0.2.tgz"
  "version" "1.0.2"

"mongoose@*", "mongoose@^5.7.5":
  "integrity" "sha1-t4e0chbt9iA2qjWMPvDxhpxGzcI="
  "resolved" "https://registry.npm.taobao.org/mongoose/download/mongoose-5.7.5.tgz?cache=0&sync_timestamp=1571064159828&other_urls=https%3A%2F%2Fregistry.npm.taobao.org%2Fmongoose%2Fdownload%2Fmongoose-5.7.5.tgz"
  "version" "5.7.5"
  dependencies:
    "bson" "~1.1.1"
    "kareem" "2.3.1"
    "mongodb" "3.3.2"
    "mongoose-legacy-pluralize" "1.0.2"
    "mpath" "0.6.0"
    "mquery" "3.2.2"
    "ms" "2.1.2"
    "regexp-clone" "1.0.0"
    "safe-buffer" "5.1.2"
    "sift" "7.0.1"
    "sliced" "1.0.1"

"morgan@~1.9.0":
  "integrity" "sha1-Co0Wc0odmvvIJLmd+H5zjlji2lk="
  "resolved" "https://registry.npm.taobao.org/morgan/download/morgan-1.9.1.tgz"
  "version" "1.9.1"
  dependencies:
    "basic-auth" "~2.0.0"
    "debug" "2.6.9"
    "depd" "~1.1.2"
    "on-finished" "~2.3.0"
    "on-headers" "~1.0.1"

"mpath@0.6.0":
  "integrity" "sha1-qpIgKfyk8PZB82DnTFwbakxHB44="
  "resolved" "https://registry.npm.taobao.org/mpath/download/mpath-0.6.0.tgz"
  "version" "0.6.0"

"mquery@3.2.2":
  "integrity" "sha1-4Tg6OVGFLOI+N/YZqbNQ8fs2ZOc="
  "resolved" "https://registry.npm.taobao.org/mquery/download/mquery-3.2.2.tgz"
  "version" "3.2.2"
  dependencies:
    "bluebird" "3.5.1"
    "debug" "3.1.0"
    "regexp-clone" "^1.0.0"
    "safe-buffer" "5.1.2"
    "sliced" "1.0.1"

"ms@2.0.0":
  "integrity" "sha1-VgiurfwAvmwpAd9fmGF4jeDVl8g="
  "resolved" "https://registry.npm.taobao.org/ms/download/ms-2.0.0.tgz?cache=0&other_urls=https%3A%2F%2Fregistry.npm.taobao.org%2Fms%2Fdownload%2Fms-2.0.0.tgz"
  "version" "2.0.0"

"ms@2.1.2":
  "integrity" "sha1-0J0fNXtEP0kzgqjrPM0YOHKuYAk="
  "resolved" "https://registry.npm.taobao.org/ms/download/ms-2.1.2.tgz?cache=0&other_urls=https%3A%2F%2Fregistry.npm.taobao.org%2Fms%2Fdownload%2Fms-2.1.2.tgz"
  "version" "2.1.2"

"negotiator@0.6.2":
  "integrity" "sha1-/qz3zPUlp3rpY0Q2pkiD/+yjRvs="
  "resolved" "https://registry.npm.taobao.org/negotiator/download/negotiator-0.6.2.tgz"
  "version" "0.6.2"

"on-finished@~2.3.0":
  "integrity" "sha1-IPEzZIGwg811M3mSoWlxqi2QaUc="
  "resolved" "http://registry.npm.taobao.org/on-finished/download/on-finished-2.3.0.tgz"
  "version" "2.3.0"
  dependencies:
    "ee-first" "1.1.1"

"on-headers@~1.0.1":
  "integrity" "sha1-dysK5qqlJcOZ5Imt+tkMQD6zwo8="
  "resolved" "http://registry.npm.taobao.org/on-headers/download/on-headers-1.0.2.tgz"
  "version" "1.0.2"

"parseurl@~1.3.1", "parseurl@~1.3.2":
  "integrity" "sha1-naGee+6NEt/wUT7Vt2lXeTvC6NQ="
  "resolved" "https://registry.npm.taobao.org/parseurl/download/parseurl-1.3.3.tgz"
  "version" "1.3.3"

"path-to-regexp@0.1.7":
  "integrity" "sha1-32BBeABfUi8V60SQ5yR6G/qmf4w="
  "resolved" "https://registry.npm.taobao.org/path-to-regexp/download/path-to-regexp-0.1.7.tgz?cache=0&other_urls=https%3A%2F%2Fregistry.npm.taobao.org%2Fpath-to-regexp%2Fdownload%2Fpath-to-regexp-0.1.7.tgz"
  "version" "0.1.7"

"proxy-addr@~1.1.5":
  "integrity" "sha1-ccDuOxAt4/IC87ZPYI0XP8uhqRg="
  "resolved" "https://registry.npm.taobao.org/proxy-addr/download/proxy-addr-1.1.5.tgz"
  "version" "1.1.5"
  dependencies:
    "forwarded" "~0.1.0"
    "ipaddr.js" "1.4.0"

"qs@6.5.0":
  "integrity" "sha1-jQSVTTZN7z78VbWgeT4eLIsebkk="
  "resolved" "https://registry.npm.taobao.org/qs/download/qs-6.5.0.tgz?cache=0&sync_timestamp=1569207136481&other_urls=https%3A%2F%2Fregistry.npm.taobao.org%2Fqs%2Fdownload%2Fqs-6.5.0.tgz"
  "version" "6.5.0"

"qs@6.5.2":
  "integrity" "sha1-yzroBuh0BERYTvFUzo7pjUA/PjY="
  "resolved" "https://registry.npm.taobao.org/qs/download/qs-6.5.2.tgz?cache=0&sync_timestamp=1569207136481&other_urls=https%3A%2F%2Fregistry.npm.taobao.org%2Fqs%2Fdownload%2Fqs-6.5.2.tgz"
  "version" "6.5.2"

"range-parser@~1.2.0":
  "integrity" "sha1-PPNwI9GZ4cJNGlW4SADC8+ZGgDE="
  "resolved" "https://registry.npm.taobao.org/range-parser/download/range-parser-1.2.1.tgz"
  "version" "1.2.1"

"raw-body@2.3.3":
  "integrity" "sha1-GzJOzmtXBuFThVvBFIxlu39uoMM="
  "resolved" "https://registry.npm.taobao.org/raw-body/download/raw-body-2.3.3.tgz"
  "version" "2.3.3"
  dependencies:
    "bytes" "3.0.0"
    "http-errors" "1.6.3"
    "iconv-lite" "0.4.23"
    "unpipe" "1.0.0"

"regexp-clone@^1.0.0", "regexp-clone@1.0.0":
  "integrity" "sha1-Ii25Z2IydwViYLmSYmNUoEzpv2M="
  "resolved" "https://registry.npm.taobao.org/regexp-clone/download/regexp-clone-1.0.0.tgz"
  "version" "1.0.0"

"require_optional@^1.0.1":
  "integrity" "sha1-TPNaQkf2TKPfjC7yCMxJSxyo/C4="
  "resolved" "http://registry.npm.taobao.org/require_optional/download/require_optional-1.0.1.tgz"
  "version" "1.0.1"
  dependencies:
    "resolve-from" "^2.0.0"
    "semver" "^5.1.0"

"resolve-from@^2.0.0":
  "integrity" "sha1-lICrIOlP+h2egKgEx+oUdhGWa1c="
  "resolved" "https://registry.npm.taobao.org/resolve-from/download/resolve-from-2.0.0.tgz"
  "version" "2.0.0"

"safe-buffer@^5.1.2", "safe-buffer@5.1.2":
  "integrity" "sha1-mR7GnSluAxN0fVm9/St0XDX4go0="
  "resolved" "https://registry.npm.taobao.org/safe-buffer/download/safe-buffer-5.1.2.tgz"
  "version" "5.1.2"

"safe-buffer@5.1.1":
  "integrity" "sha1-iTMSr2myEj3vcfV4iQAWce6yyFM="
  "resolved" "https://registry.npm.taobao.org/safe-buffer/download/safe-buffer-5.1.1.tgz"
  "version" "5.1.1"

"safer-buffer@>= 2.1.2 < 3":
  "integrity" "sha1-RPoWGwGHuVSd2Eu5GAL5vYOFzWo="
  "resolved" "http://registry.npm.taobao.org/safer-buffer/download/safer-buffer-2.1.2.tgz"
  "version" "2.1.2"

"semver@^5.1.0":
  "integrity" "sha1-qVT5Ma66UI0we78Gnv8MAclhFvc="
  "resolved" "https://registry.npm.taobao.org/semver/download/semver-5.7.1.tgz?cache=0&sync_timestamp=1565627367398&other_urls=https%3A%2F%2Fregistry.npm.taobao.org%2Fsemver%2Fdownload%2Fsemver-5.7.1.tgz"
  "version" "5.7.1"

"send@0.15.6":
  "integrity" "sha1-IPI6nJJbdiq4JwX+L52yUqzkfjQ="
  "resolved" "https://registry.npm.taobao.org/send/download/send-0.15.6.tgz"
  "version" "0.15.6"
  dependencies:
    "debug" "2.6.9"
    "depd" "~1.1.1"
    "destroy" "~1.0.4"
    "encodeurl" "~1.0.1"
    "escape-html" "~1.0.3"
    "etag" "~1.8.1"
    "fresh" "0.5.2"
    "http-errors" "~1.6.2"
    "mime" "1.3.4"
    "ms" "2.0.0"
    "on-finished" "~2.3.0"
    "range-parser" "~1.2.0"
    "statuses" "~1.3.1"

"serve-favicon@~2.4.5":
  "integrity" "sha1-SdmkaGMVOpJAaRyJPSsOfYXW1DY="
  "resolved" "https://registry.npm.taobao.org/serve-favicon/download/serve-favicon-2.4.5.tgz"
  "version" "2.4.5"
  dependencies:
    "etag" "~1.8.1"
    "fresh" "0.5.2"
    "ms" "2.0.0"
    "parseurl" "~1.3.2"
    "safe-buffer" "5.1.1"

"serve-static@1.12.6":
  "integrity" "sha1-uXN3P2NEmTTaVOW+ul4x2fQhFXc="
  "resolved" "https://registry.npm.taobao.org/serve-static/download/serve-static-1.12.6.tgz"
  "version" "1.12.6"
  dependencies:
    "encodeurl" "~1.0.1"
    "escape-html" "~1.0.3"
    "parseurl" "~1.3.2"
    "send" "0.15.6"

"setprototypeof@1.0.3":
  "integrity" "sha1-ZlZ+NwQ+608E2RvWWMDL77VbjgQ="
  "resolved" "https://registry.npm.taobao.org/setprototypeof/download/setprototypeof-1.0.3.tgz?cache=0&sync_timestamp=1563425414995&other_urls=https%3A%2F%2Fregistry.npm.taobao.org%2Fsetprototypeof%2Fdownload%2Fsetprototypeof-1.0.3.tgz"
  "version" "1.0.3"

"setprototypeof@1.1.0":
  "integrity" "sha1-0L2FU2iHtv58DYGMuWLZ2RxU5lY="
  "resolved" "https://registry.npm.taobao.org/setprototypeof/download/setprototypeof-1.1.0.tgz?cache=0&sync_timestamp=1563425414995&other_urls=https%3A%2F%2Fregistry.npm.taobao.org%2Fsetprototypeof%2Fdownload%2Fsetprototypeof-1.1.0.tgz"
  "version" "1.1.0"

"sift@7.0.1":
  "integrity" "sha1-R9YsULFZ0xbxNy+LU/nBDNIaSwg="
  "resolved" "https://registry.npm.taobao.org/sift/download/sift-7.0.1.tgz"
  "version" "7.0.1"

"sliced@1.0.1":
  "integrity" "sha1-CzpmK10Ewxd7GSa+qCsD+Dei70E="
  "resolved" "http://registry.npm.taobao.org/sliced/download/sliced-1.0.1.tgz"
  "version" "1.0.1"

"statuses@>= 1.4.0 < 2":
  "integrity" "sha1-Fhx9rBd2Wf2YEfQ3cfqZOBR4Yow="
  "resolved" "http://registry.npm.taobao.org/statuses/download/statuses-1.5.0.tgz"
  "version" "1.5.0"

"statuses@~1.3.1":
  "integrity" "sha1-+vUbnrdKrvOzrPStX2Gr8ky3uT4="
  "resolved" "http://registry.npm.taobao.org/statuses/download/statuses-1.3.1.tgz"
  "version" "1.3.1"

"type-is@~1.6.15", "type-is@~1.6.16":
  "integrity" "sha1-TlUs0F3wlGfcvE73Od6J8s83wTE="
  "resolved" "https://registry.npm.taobao.org/type-is/download/type-is-1.6.18.tgz"
  "version" "1.6.18"
  dependencies:
    "media-typer" "0.3.0"
    "mime-types" "~2.1.24"

"unpipe@~1.0.0", "unpipe@1.0.0":
  "integrity" "sha1-sr9O6FFKrmFltIF4KdIbLvSZBOw="
  "resolved" "http://registry.npm.taobao.org/unpipe/download/unpipe-1.0.0.tgz"
  "version" "1.0.0"

"utils-merge@1.0.0":
  "integrity" "sha1-ApT7kiu5N1FTVBxPcJYjHyh8ivg="
  "resolved" "http://registry.npm.taobao.org/utils-merge/download/utils-merge-1.0.0.tgz"
  "version" "1.0.0"

"vary@~1.1.1":
  "integrity" "sha1-IpnwLG3tMNSllhsLn3RSShj2NPw="
  "resolved" "http://registry.npm.taobao.org/vary/download/vary-1.1.2.tgz"
  "version" "1.1.2"
